
Microsoft Visual Studio Solution File, Format Version 12.00
# Visual Studio Version 17
VisualStudioVersion = 17.14.36414.22 d17.14
MinimumVisualStudioVersion = 10.0.40219.1
Project("{FAE04EC0-301F-11D3-BF4B-00C04F79EFBC}") = "SqlContain", "SqlContain.csproj", "{7A1B6AAD-CE0A-4B4F-B9DB-C8F680864044}"
EndProject
Project("{FAE04EC0-301F-11D3-BF4B-00C04F79EFBC}") = "SqlContain.Tests", "..\SqlContain.Tests\SqlContain.Tests.csproj", "{FB507238-2B4C-4F88-89D8-548FAC073034}"
EndProject
Global
	GlobalSection(SolutionConfigurationPlatforms) = preSolution
		Debug|Any CPU = Debug|Any CPU
		Release|Any CPU = Release|Any CPU
	EndGlobalSection
	GlobalSection(ProjectConfigurationPlatforms) = postSolution
		{7A1B6AAD-CE0A-4B4F-B9DB-C8F680864044}.Debug|Any CPU.ActiveCfg = Debug|Any CPU
		{7A1B6AAD-CE0A-4B4F-B9DB-C8F680864044}.Debug|Any CPU.Build.0 = Debug|Any CPU
		{7A1B6AAD-CE0A-4B4F-B9DB-C8F680864044}.Release|Any CPU.ActiveCfg = Release|Any CPU
		{7A1B6AAD-CE0A-4B4F-B9DB-C8F680864044}.Release|Any CPU.Build.0 = Release|Any CPU
		{FB507238-2B4C-4F88-89D8-548FAC073034}.Debug|Any CPU.ActiveCfg = Debug|Any CPU
		{FB507238-2B4C-4F88-89D8-548FAC073034}.Debug|Any CPU.Build.0 = Debug|Any CPU
		{FB507238-2B4C-4F88-89D8-548FAC073034}.Release|Any CPU.ActiveCfg = Release|Any CPU
		{FB507238-2B4C-4F88-89D8-548FAC073034}.Release|Any CPU.Build.0 = Release|Any CPU
	EndGlobalSection
	GlobalSection(SolutionProperties) = preSolution
		HideSolutionNode = FALSE
	EndGlobalSection
	GlobalSection(ExtensibilityGlobals) = postSolution
		SolutionGuid = {47EC13B0-0D63-479B-95BF-4545A59A5590}
	EndGlobalSection
EndGlobal
